// !$*UTF8*$!
{
	archiveVersion = 1;
	classes = {
	};
	objectVersion = 55;
	objects = {

/* Begin PBXBuildFile section */
		2314142FD01307C49683DD6E /* Pods_desafio_inevent.framework in Frameworks */ = {isa = PBXBuildFile; fileRef = 72127CCA51520E28DD59780F /* Pods_desafio_inevent.framework */; };
		A52436112804990C005F6AD4 /* BookModel.swift in Sources */ = {isa = PBXBuildFile; fileRef = A52436102804990C005F6AD4 /* BookModel.swift */; };
		A524361328049917005F6AD4 /* BookResponse.swift in Sources */ = {isa = PBXBuildFile; fileRef = A524361228049917005F6AD4 /* BookResponse.swift */; };
		A5243615280499E5005F6AD4 /* BookNetworking.swift in Sources */ = {isa = PBXBuildFile; fileRef = A5243614280499E5005F6AD4 /* BookNetworking.swift */; };
		A524361828049DA6005F6AD4 /* HomeView.swift in Sources */ = {isa = PBXBuildFile; fileRef = A524361728049DA6005F6AD4 /* HomeView.swift */; };
		A524361D28049E68005F6AD4 /* PinView.swift in Sources */ = {isa = PBXBuildFile; fileRef = A524361C28049E68005F6AD4 /* PinView.swift */; };
		A532EEC92805EA2E00AA6EE6 /* HomeTableViewCell.swift in Sources */ = {isa = PBXBuildFile; fileRef = A532EEC82805EA2E00AA6EE6 /* HomeTableViewCell.swift */; };
		A5A6F04A28047E2700271AEB /* AppDelegate.swift in Sources */ = {isa = PBXBuildFile; fileRef = A5A6F04928047E2700271AEB /* AppDelegate.swift */; };
		A5A6F04C28047E2700271AEB /* SceneDelegate.swift in Sources */ = {isa = PBXBuildFile; fileRef = A5A6F04B28047E2700271AEB /* SceneDelegate.swift */; };
		A5A6F04E28047E2700271AEB /* HomeViewController.swift in Sources */ = {isa = PBXBuildFile; fileRef = A5A6F04D28047E2700271AEB /* HomeViewController.swift */; };
		A5A6F05628047E2900271AEB /* LaunchScreen.storyboard in Resources */ = {isa = PBXBuildFile; fileRef = A5A6F05428047E2900271AEB /* LaunchScreen.storyboard */; };
		A5CCA3442806E521002B2D80 /* BookView.swift in Sources */ = {isa = PBXBuildFile; fileRef = A5CCA3432806E521002B2D80 /* BookView.swift */; };
		A5CCA3462806E535002B2D80 /* BookViewController.swift in Sources */ = {isa = PBXBuildFile; fileRef = A5CCA3452806E535002B2D80 /* BookViewController.swift */; };
		A5CCA34C28073DF0002B2D80 /* Assets.xcassets in Resources */ = {isa = PBXBuildFile; fileRef = A5BEEC582804947E0005182D /* Assets.xcassets */; };
/* End PBXBuildFile section */

/* Begin PBXFileReference section */
		0D028BE5ACC05D6E066A5BF8 /* Pods-desafio-inevent.debug.xcconfig */ = {isa = PBXFileReference; includeInIndex = 1; lastKnownFileType = text.xcconfig; name = "Pods-desafio-inevent.debug.xcconfig"; path = "Target Support Files/Pods-desafio-inevent/Pods-desafio-inevent.debug.xcconfig"; sourceTree = "<group>"; };
		72127CCA51520E28DD59780F /* Pods_desafio_inevent.framework */ = {isa = PBXFileReference; explicitFileType = wrapper.framework; includeInIndex = 0; path = Pods_desafio_inevent.framework; sourceTree = BUILT_PRODUCTS_DIR; };
		A52436102804990C005F6AD4 /* BookModel.swift */ = {isa = PBXFileReference; lastKnownFileType = sourcecode.swift; path = BookModel.swift; sourceTree = "<group>"; };
		A524361228049917005F6AD4 /* BookResponse.swift */ = {isa = PBXFileReference; lastKnownFileType = sourcecode.swift; path = BookResponse.swift; sourceTree = "<group>"; };
		A5243614280499E5005F6AD4 /* BookNetworking.swift */ = {isa = PBXFileReference; lastKnownFileType = sourcecode.swift; path = BookNetworking.swift; sourceTree = "<group>"; };
		A524361728049DA6005F6AD4 /* HomeView.swift */ = {isa = PBXFileReference; lastKnownFileType = sourcecode.swift; path = HomeView.swift; sourceTree = "<group>"; };
		A524361C28049E68005F6AD4 /* PinView.swift */ = {isa = PBXFileReference; lastKnownFileType = sourcecode.swift; path = PinView.swift; sourceTree = "<group>"; };
		A532EEC82805EA2E00AA6EE6 /* HomeTableViewCell.swift */ = {isa = PBXFileReference; lastKnownFileType = sourcecode.swift; path = HomeTableViewCell.swift; sourceTree = "<group>"; };
		A5A6F04628047E2700271AEB /* desafio-inevent.app */ = {isa = PBXFileReference; explicitFileType = wrapper.application; includeInIndex = 0; path = "desafio-inevent.app"; sourceTree = BUILT_PRODUCTS_DIR; };
		A5A6F04928047E2700271AEB /* AppDelegate.swift */ = {isa = PBXFileReference; lastKnownFileType = sourcecode.swift; path = AppDelegate.swift; sourceTree = "<group>"; };
		A5A6F04B28047E2700271AEB /* SceneDelegate.swift */ = {isa = PBXFileReference; lastKnownFileType = sourcecode.swift; path = SceneDelegate.swift; sourceTree = "<group>"; };
		A5A6F04D28047E2700271AEB /* HomeViewController.swift */ = {isa = PBXFileReference; lastKnownFileType = sourcecode.swift; path = HomeViewController.swift; sourceTree = "<group>"; };
		A5A6F05528047E2900271AEB /* Base */ = {isa = PBXFileReference; lastKnownFileType = file.storyboard; name = Base; path = Base.lproj/LaunchScreen.storyboard; sourceTree = "<group>"; };
		A5BEEC572804947E0005182D /* Info.plist */ = {isa = PBXFileReference; lastKnownFileType = text.plist.xml; name = Info.plist; path = "/Users/douglas/Desktop/Development/desafio-inevent/desafio-inevent/Info.plist"; sourceTree = "<absolute>"; };
		A5BEEC582804947E0005182D /* Assets.xcassets */ = {isa = PBXFileReference; lastKnownFileType = folder.assetcatalog; name = Assets.xcassets; path = "/Users/douglas/Desktop/Development/desafio-inevent/desafio-inevent/Assets.xcassets"; sourceTree = "<absolute>"; };
		A5CCA3432806E521002B2D80 /* BookView.swift */ = {isa = PBXFileReference; lastKnownFileType = sourcecode.swift; path = BookView.swift; sourceTree = "<group>"; };
		A5CCA3452806E535002B2D80 /* BookViewController.swift */ = {isa = PBXFileReference; lastKnownFileType = sourcecode.swift; path = BookViewController.swift; sourceTree = "<group>"; };
		A62D60FC85ABFB9FF52B02BA /* Pods-desafio-inevent.release.xcconfig */ = {isa = PBXFileReference; includeInIndex = 1; lastKnownFileType = text.xcconfig; name = "Pods-desafio-inevent.release.xcconfig"; path = "Target Support Files/Pods-desafio-inevent/Pods-desafio-inevent.release.xcconfig"; sourceTree = "<group>"; };
/* End PBXFileReference section */

/* Begin PBXFrameworksBuildPhase section */
		A5A6F04328047E2700271AEB /* Frameworks */ = {
			isa = PBXFrameworksBuildPhase;
			buildActionMask = 2147483647;
			files = (
				2314142FD01307C49683DD6E /* Pods_desafio_inevent.framework in Frameworks */,
			);
			runOnlyForDeploymentPostprocessing = 0;
		};
/* End PBXFrameworksBuildPhase section */

/* Begin PBXGroup section */
		01EC933F8188DAC10AA59627 /* Pods */ = {
			isa = PBXGroup;
			children = (
				0D028BE5ACC05D6E066A5BF8 /* Pods-desafio-inevent.debug.xcconfig */,
				A62D60FC85ABFB9FF52B02BA /* Pods-desafio-inevent.release.xcconfig */,
			);
			path = Pods;
			sourceTree = "<group>";
		};
		4DDE4B03AED6DC112C84EB2D /* Frameworks */ = {
			isa = PBXGroup;
			children = (
				72127CCA51520E28DD59780F /* Pods_desafio_inevent.framework */,
			);
			name = Frameworks;
			sourceTree = "<group>";
		};
		A524361628049D7E005F6AD4 /* Extensions */ = {
			isa = PBXGroup;
			children = (
				A524361C28049E68005F6AD4 /* PinView.swift */,
			);
			path = Extensions;
			sourceTree = "<group>";
		};
		A5A6F03D28047E2700271AEB = {
			isa = PBXGroup;
			children = (
				A5A6F04828047E2700271AEB /* desafio-inevent */,
				A5A6F04728047E2700271AEB /* Products */,
				01EC933F8188DAC10AA59627 /* Pods */,
				4DDE4B03AED6DC112C84EB2D /* Frameworks */,
			);
			sourceTree = "<group>";
		};
		A5A6F04728047E2700271AEB /* Products */ = {
			isa = PBXGroup;
			children = (
				A5A6F04628047E2700271AEB /* desafio-inevent.app */,
			);
			name = Products;
			sourceTree = "<group>";
		};
		A5A6F04828047E2700271AEB /* desafio-inevent */ = {
			isa = PBXGroup;
			children = (
				A5A6F05D28047E3400271AEB /* Model */,
				A5A6F05E28047E3900271AEB /* View */,
				A5A6F05F28047E3F00271AEB /* Controller */,
				A5A6F06228048D9600271AEB /* Service */,
				A524361628049D7E005F6AD4 /* Extensions */,
				A5A6F06028047E7000271AEB /* AppDelegate */,
				A5BEEC582804947E0005182D /* Assets.xcassets */,
				A5BEEC572804947E0005182D /* Info.plist */,
			);
			path = "desafio-inevent";
			sourceTree = "<group>";
		};
		A5A6F05D28047E3400271AEB /* Model */ = {
			isa = PBXGroup;
			children = (
				A52436102804990C005F6AD4 /* BookModel.swift */,
				A524361228049917005F6AD4 /* BookResponse.swift */,
			);
			path = Model;
			sourceTree = "<group>";
		};
		A5A6F05E28047E3900271AEB /* View */ = {
			isa = PBXGroup;
			children = (
				A5A6F06128048D8400271AEB /* LaunchScreen */,
				A5BEEC56280490DE0005182D /* Home */,
				A5CCA3422806E4FE002B2D80 /* Book */,
			);
			path = View;
			sourceTree = "<group>";
		};
		A5A6F05F28047E3F00271AEB /* Controller */ = {
			isa = PBXGroup;
			children = (
				A5A6F04D28047E2700271AEB /* HomeViewController.swift */,
				A5CCA3452806E535002B2D80 /* BookViewController.swift */,
			);
			path = Controller;
			sourceTree = "<group>";
		};
		A5A6F06028047E7000271AEB /* AppDelegate */ = {
			isa = PBXGroup;
			children = (
				A5A6F04928047E2700271AEB /* AppDelegate.swift */,
				A5A6F04B28047E2700271AEB /* SceneDelegate.swift */,
			);
			path = AppDelegate;
			sourceTree = "<group>";
		};
		A5A6F06128048D8400271AEB /* LaunchScreen */ = {
			isa = PBXGroup;
			children = (
				A5A6F05428047E2900271AEB /* LaunchScreen.storyboard */,
			);
			path = LaunchScreen;
			sourceTree = "<group>";
		};
		A5A6F06228048D9600271AEB /* Service */ = {
			isa = PBXGroup;
			children = (
				A5243614280499E5005F6AD4 /* BookNetworking.swift */,
			);
			path = Service;
			sourceTree = "<group>";
		};
		A5BEEC56280490DE0005182D /* Home */ = {
			isa = PBXGroup;
			children = (
				A524361728049DA6005F6AD4 /* HomeView.swift */,
				A532EEC82805EA2E00AA6EE6 /* HomeTableViewCell.swift */,
			);
			path = Home;
			sourceTree = "<group>";
		};
		A5CCA3422806E4FE002B2D80 /* Book */ = {
			isa = PBXGroup;
			children = (
				A5CCA3432806E521002B2D80 /* BookView.swift */,
			);
			path = Book;
			sourceTree = "<group>";
		};
/* End PBXGroup section */

/* Begin PBXNativeTarget section */
		A5A6F04528047E2700271AEB /* desafio-inevent */ = {
			isa = PBXNativeTarget;
			buildConfigurationList = A5A6F05A28047E2900271AEB /* Build configuration list for PBXNativeTarget "desafio-inevent" */;
			buildPhases = (
				81D847E61054700E9967CBAC /* [CP] Check Pods Manifest.lock */,
				A5A6F04228047E2700271AEB /* Sources */,
				A5A6F04328047E2700271AEB /* Frameworks */,
				A5A6F04428047E2700271AEB /* Resources */,
				F1D5A6F7500593C502580E4F /* [CP] Embed Pods Frameworks */,
			);
			buildRules = (
			);
			dependencies = (
			);
			name = "desafio-inevent";
			productName = "desafio-inevent";
			productReference = A5A6F04628047E2700271AEB /* desafio-inevent.app */;
			productType = "com.apple.product-type.application";
		};
/* End PBXNativeTarget section */

/* Begin PBXProject section */
		A5A6F03E28047E2700271AEB /* Project object */ = {
			isa = PBXProject;
			attributes = {
				BuildIndependentTargetsInParallel = 1;
				LastSwiftUpdateCheck = 1330;
				LastUpgradeCheck = 1330;
				TargetAttributes = {
					A5A6F04528047E2700271AEB = {
						CreatedOnToolsVersion = 13.3;
					};
				};
			};
			buildConfigurationList = A5A6F04128047E2700271AEB /* Build configuration list for PBXProject "desafio-inevent" */;
			compatibilityVersion = "Xcode 13.0";
			developmentRegion = en;
			hasScannedForEncodings = 0;
			knownRegions = (
				en,
				Base,
			);
			mainGroup = A5A6F03D28047E2700271AEB;
			productRefGroup = A5A6F04728047E2700271AEB /* Products */;
			projectDirPath = "";
			projectRoot = "";
			targets = (
				A5A6F04528047E2700271AEB /* desafio-inevent */,
			);
		};
/* End PBXProject section */

/* Begin PBXResourcesBuildPhase section */
		A5A6F04428047E2700271AEB /* Resources */ = {
			isa = PBXResourcesBuildPhase;
			buildActionMask = 2147483647;
			files = (
				A5CCA34C28073DF0002B2D80 /* Assets.xcassets in Resources */,
				A5A6F05628047E2900271AEB /* LaunchScreen.storyboard in Resources */,
			);
			runOnlyForDeploymentPostprocessing = 0;
		};
/* End PBXResourcesBuildPhase section */

/* Begin PBXShellScriptBuildPhase section */
		81D847E61054700E9967CBAC /* [CP] Check Pods Manifest.lock */ = {
			isa = PBXShellScriptBuildPhase;
			buildActionMask = 2147483647;
			files = (
			);
			inputFileListPaths = (
			);
			inputPaths = (
				"${PODS_PODFILE_DIR_PATH}/Podfile.lock",
				"${PODS_ROOT}/Manifest.lock",
			);
			name = "[CP] Check Pods Manifest.lock";
			outputFileListPaths = (
			);
			outputPaths = (
				"$(DERIVED_FILE_DIR)/Pods-desafio-inevent-checkManifestLockResult.txt",
			);
			runOnlyForDeploymentPostprocessing = 0;
			shellPath = /bin/sh;
			shellScript = "diff \"${PODS_PODFILE_DIR_PATH}/Podfile.lock\" \"${PODS_ROOT}/Manifest.lock\" > /dev/null\nif [ $? != 0 ] ; then\n    # print error to STDERR\n    echo \"error: The sandbox is not in sync with the Podfile.lock. Run 'pod install' or update your CocoaPods installation.\" >&2\n    exit 1\nfi\n# This output is used by Xcode 'outputs' to avoid re-running this script phase.\necho \"SUCCESS\" > \"${SCRIPT_OUTPUT_FILE_0}\"\n";
			showEnvVarsInLog = 0;
		};
		F1D5A6F7500593C502580E4F /* [CP] Embed Pods Frameworks */ = {
			isa = PBXShellScriptBuildPhase;
			buildActionMask = 2147483647;
			files = (
			);
			inputFileListPaths = (
				"${PODS_ROOT}/Target Support Files/Pods-desafio-inevent/Pods-desafio-inevent-frameworks-${CONFIGURATION}-input-files.xcfilelist",
			);
			name = "[CP] Embed Pods Frameworks";
			outputFileListPaths = (
				"${PODS_ROOT}/Target Support Files/Pods-desafio-inevent/Pods-desafio-inevent-frameworks-${CONFIGURATION}-output-files.xcfilelist",
			);
			runOnlyForDeploymentPostprocessing = 0;
			shellPath = /bin/sh;
			shellScript = "\"${PODS_ROOT}/Target Support Files/Pods-desafio-inevent/Pods-desafio-inevent-frameworks.sh\"\n";
			showEnvVarsInLog = 0;
		};
/* End PBXShellScriptBuildPhase section */

/* Begin PBXSourcesBuildPhase section */
		A5A6F04228047E2700271AEB /* Sources */ = {
			isa = PBXSourcesBuildPhase;
			buildActionMask = 2147483647;
			files = (
				A5A6F04E28047E2700271AEB /* HomeViewController.swift in Sources */,
				A524361828049DA6005F6AD4 /* HomeView.swift in Sources */,
				A524361328049917005F6AD4 /* BookResponse.swift in Sources */,
				A5CCA3462806E535002B2D80 /* BookViewController.swift in Sources */,
				A5A6F04A28047E2700271AEB /* AppDelegate.swift in Sources */,
				A524361D28049E68005F6AD4 /* PinView.swift in Sources */,
				A52436112804990C005F6AD4 /* BookModel.swift in Sources */,
				A532EEC92805EA2E00AA6EE6 /* HomeTableViewCell.swift in Sources */,
				A5243615280499E5005F6AD4 /* BookNetworking.swift in Sources */,
				A5A6F04C28047E2700271AEB /* SceneDelegate.swift in Sources */,
				A5CCA3442806E521002B2D80 /* BookView.swift in Sources */,
			);
			runOnlyForDeploymentPostprocessing = 0;
		};
/* End PBXSourcesBuildPhase section */

/* Begin PBXVariantGroup section */
		A5A6F05428047E2900271AEB /* LaunchScreen.storyboard */ = {
			isa = PBXVariantGroup;
			children = (
				A5A6F05528047E2900271AEB /* Base */,
			);
			name = LaunchScreen.storyboard;
			sourceTree = "<group>";
		};
/* End PBXVariantGroup section */

/* Begin XCBuildConfiguration section */
		A5A6F05828047E2900271AEB /* Debug */ = {
			isa = XCBuildConfiguration;
			buildSettings = {
				ALWAYS_SEARCH_USER_PATHS = NO;
				CLANG_ANALYZER_NONNULL = YES;
				CLANG_ANALYZER_NUMBER_OBJECT_CONVERSION = YES_AGGRESSIVE;
				CLANG_CXX_LANGUAGE_STANDARD = "gnu++17";
				CLANG_ENABLE_MODULES = YES;
				CLANG_ENABLE_OBJC_ARC = YES;
				CLANG_ENABLE_OBJC_WEAK = YES;
				CLANG_WARN_BLOCK_CAPTURE_AUTORELEASING = YES;
				CLANG_WARN_BOOL_CONVERSION = YES;
				CLANG_WARN_COMMA = YES;
				CLANG_WARN_CONSTANT_CONVERSION = YES;
				CLANG_WARN_DEPRECATED_OBJC_IMPLEMENTATIONS = YES;
				CLANG_WARN_DIRECT_OBJC_ISA_USAGE = YES_ERROR;
				CLANG_WARN_DOCUMENTATION_COMMENTS = YES;
				CLANG_WARN_EMPTY_BODY = YES;
				CLANG_WARN_ENUM_CONVERSION = YES;
				CLANG_WARN_INFINITE_RECURSION = YES;
				CLANG_WARN_INT_CONVERSION = YES;
				CLANG_WARN_NON_LITERAL_NULL_CONVERSION = YES;
				CLANG_WARN_OBJC_IMPLICIT_RETAIN_SELF = YES;
				CLANG_WARN_OBJC_LITERAL_CONVERSION = YES;
				CLANG_WARN_OBJC_ROOT_CLASS = YES_ERROR;
				CLANG_WARN_QUOTED_INCLUDE_IN_FRAMEWORK_HEADER = YES;
				CLANG_WARN_RANGE_LOOP_ANALYSIS = YES;
				CLANG_WARN_STRICT_PROTOTYPES = YES;
				CLANG_WARN_SUSPICIOUS_MOVE = YES;
				CLANG_WARN_UNGUARDED_AVAILABILITY = YES_AGGRESSIVE;
				CLANG_WARN_UNREACHABLE_CODE = YES;
				CLANG_WARN__DUPLICATE_METHOD_MATCH = YES;
				COPY_PHASE_STRIP = NO;
				DEBUG_INFORMATION_FORMAT = dwarf;
				ENABLE_STRICT_OBJC_MSGSEND = YES;
				ENABLE_TESTABILITY = YES;
				GCC_C_LANGUAGE_STANDARD = gnu11;
				GCC_DYNAMIC_NO_PIC = NO;
				GCC_NO_COMMON_BLOCKS = YES;
				GCC_OPTIMIZATION_LEVEL = 0;
				GCC_PREPROCESSOR_DEFINITIONS = (
					"DEBUG=1",
					"$(inherited)",
				);
				GCC_WARN_64_TO_32_BIT_CONVERSION = YES;
				GCC_WARN_ABOUT_RETURN_TYPE = YES_ERROR;
				GCC_WARN_UNDECLARED_SELECTOR = YES;
				GCC_WARN_UNINITIALIZED_AUTOS = YES_AGGRESSIVE;
				GCC_WARN_UNUSED_FUNCTION = YES;
				GCC_WARN_UNUSED_VARIABLE = YES;
				IPHONEOS_DEPLOYMENT_TARGET = 15.4;
				MTL_ENABLE_DEBUG_INFO = INCLUDE_SOURCE;
				MTL_FAST_MATH = YES;
				ONLY_ACTIVE_ARCH = YES;
				SDKROOT = iphoneos;
				SWIFT_ACTIVE_COMPILATION_CONDITIONS = DEBUG;
				SWIFT_OPTIMIZATION_LEVEL = "-Onone";
			};
			name = Debug;
		};
		A5A6F05928047E2900271AEB /* Release */ = {
			isa = XCBuildConfiguration;
			buildSettings = {
				ALWAYS_SEARCH_USER_PATHS = NO;
				CLANG_ANALYZER_NONNULL = YES;
				CLANG_ANALYZER_NUMBER_OBJECT_CONVERSION = YES_AGGRESSIVE;
				CLANG_CXX_LANGUAGE_STANDARD = "gnu++17";
				CLANG_ENABLE_MODULES = YES;
				CLANG_ENABLE_OBJC_ARC = YES;
				CLANG_ENABLE_OBJC_WEAK = YES;
				CLANG_WARN_BLOCK_CAPTURE_AUTORELEASING = YES;
				CLANG_WARN_BOOL_CONVERSION = YES;
				CLANG_WARN_COMMA = YES;
				CLANG_WARN_CONSTANT_CONVERSION = YES;
				CLANG_WARN_DEPRECATED_OBJC_IMPLEMENTATIONS = YES;
				CLANG_WARN_DIRECT_OBJC_ISA_USAGE = YES_ERROR;
				CLANG_WARN_DOCUMENTATION_COMMENTS = YES;
				CLANG_WARN_EMPTY_BODY = YES;
				CLANG_WARN_ENUM_CONVERSION = YES;
				CLANG_WARN_INFINITE_RECURSION = YES;
				CLANG_WARN_INT_CONVERSION = YES;
				CLANG_WARN_NON_LITERAL_NULL_CONVERSION = YES;
				CLANG_WARN_OBJC_IMPLICIT_RETAIN_SELF = YES;
				CLANG_WARN_OBJC_LITERAL_CONVERSION = YES;
				CLANG_WARN_OBJC_ROOT_CLASS = YES_ERROR;
				CLANG_WARN_QUOTED_INCLUDE_IN_FRAMEWORK_HEADER = YES;
				CLANG_WARN_RANGE_LOOP_ANALYSIS = YES;
				CLANG_WARN_STRICT_PROTOTYPES = YES;
				CLANG_WARN_SUSPICIOUS_MOVE = YES;
				CLANG_WARN_UNGUARDED_AVAILABILITY = YES_AGGRESSIVE;
				CLANG_WARN_UNREACHABLE_CODE = YES;
				CLANG_WARN__DUPLICATE_METHOD_MATCH = YES;
				COPY_PHASE_STRIP = NO;
				DEBUG_INFORMATION_FORMAT = "dwarf-with-dsym";
				ENABLE_NS_ASSERTIONS = NO;
				ENABLE_STRICT_OBJC_MSGSEND = YES;
				GCC_C_LANGUAGE_STANDARD = gnu11;
				GCC_NO_COMMON_BLOCKS = YES;
				GCC_WARN_64_TO_32_BIT_CONVERSION = YES;
				GCC_WARN_ABOUT_RETURN_TYPE = YES_ERROR;
				GCC_WARN_UNDECLARED_SELECTOR = YES;
				GCC_WARN_UNINITIALIZED_AUTOS = YES_AGGRESSIVE;
				GCC_WARN_UNUSED_FUNCTION = YES;
				GCC_WARN_UNUSED_VARIABLE = YES;
				IPHONEOS_DEPLOYMENT_TARGET = 15.4;
				MTL_ENABLE_DEBUG_INFO = NO;
				MTL_FAST_MATH = YES;
				SDKROOT = iphoneos;
				SWIFT_COMPILATION_MODE = wholemodule;
				SWIFT_OPTIMIZATION_LEVEL = "-O";
				VALIDATE_PRODUCT = YES;
			};
			name = Release;
		};
		A5A6F05B28047E2900271AEB /* Debug */ = {
			isa = XCBuildConfiguration;
			baseConfigurationReference = 0D028BE5ACC05D6E066A5BF8 /* Pods-desafio-inevent.debug.xcconfig */;
			buildSettings = {
				ASSETCATALOG_COMPILER_APPICON_NAME = AppIcon;
				ASSETCATALOG_COMPILER_GLOBAL_ACCENT_COLOR_NAME = AccentColor;
				CODE_SIGN_STYLE = Automatic;
				CURRENT_PROJECT_VERSION = 1;
				DEVELOPMENT_TEAM = 3N29W8N95Z;
				GENERATE_INFOPLIST_FILE = YES;
				INFOPLIST_FILE = "desafio-inevent/Info.plist";
				INFOPLIST_KEY_UIApplicationSupportsIndirectInputEvents = YES;
				INFOPLIST_KEY_UILaunchStoryboardName = LaunchScreen;
				INFOPLIST_KEY_UISupportedInterfaceOrientations = UIInterfaceOrientationPortrait;
				INFOPLIST_KEY_UISupportedInterfaceOrientations_iPad = "UIInterfaceOrientationPortrait UIInterfaceOrientationPortraitUpsideDown UIInterfaceOrientationLandscapeLeft UIInterfaceOrientationLandscapeRight";
				INFOPLIST_KEY_UISupportedInterfaceOrientations_iPhone = "UIInterfaceOrientationPortrait UIInterfaceOrientationLandscapeLeft UIInterfaceOrientationLandscapeRight";
				LD_RUNPATH_SEARCH_PATHS = (
					"$(inherited)",
					"@executable_path/Frameworks",
				);
				MARKETING_VERSION = 1.0;
				PRODUCT_BUNDLE_IDENTIFIER = "douglasbiagigrana.desafio-inevent";
				PRODUCT_NAME = "$(TARGET_NAME)";
				SWIFT_EMIT_LOC_STRINGS = YES;
				SWIFT_VERSION = 5.0;
				TARGETED_DEVICE_FAMILY = 1;
			};
			name = Debug;
		};
		A5A6F05C28047E2900271AEB /* Release */ = {
			isa = XCBuildConfiguration;
			baseConfigurationReference = A62D60FC85ABFB9FF52B02BA /* Pods-desafio-inevent.release.xcconfig */;
			buildSettings = {
				ASSETCATALOG_COMPILER_APPICON_NAME = AppIcon;
				ASSETCATALOG_COMPILER_GLOBAL_ACCENT_COLOR_NAME = AccentColor;
				CODE_SIGN_STYLE = Automatic;
				CURRENT_PROJECT_VERSION = 1;
				DEVELOPMENT_TEAM = 3N29W8N95Z;
				GENERATE_INFOPLIST_FILE = YES;
				INFOPLIST_FILE = "desafio-inevent/Info.plist";
				INFOPLIST_KEY_UIApplicationSupportsIndirectInputEvents = YES;
				INFOPLIST_KEY_UILaunchStoryboardName = LaunchScreen;
				INFOPLIST_KEY_UISupportedInterfaceOrientations = UIInterfaceOrientationPortrait;
				INFOPLIST_KEY_UISupportedInterfaceOrientations_iPad = "UIInterfaceOrientationPortrait UIInterfaceOrientationPortraitUpsideDown UIInterfaceOrientationLandscapeLeft UIInterfaceOrientationLandscapeRight";
				INFOPLIST_KEY_UISupportedInterfaceOrientations_iPhone = "UIInterfaceOrientationPortrait UIInterfaceOrientationLandscapeLeft UIInterfaceOrientationLandscapeRight";
				LD_RUNPATH_SEARCH_PATHS = (
					"$(inherited)",
					"@executable_path/Frameworks",
				);
				MARKETING_VERSION = 1.0;
				PRODUCT_BUNDLE_IDENTIFIER = "douglasbiagigrana.desafio-inevent";
				PRODUCT_NAME = "$(TARGET_NAME)";
				SWIFT_EMIT_LOC_STRINGS = YES;
				SWIFT_VERSION = 5.0;
				TARGETED_DEVICE_FAMILY = 1;
			};
			name = Release;
		};
/* End XCBuildConfiguration section */

/* Begin XCConfigurationList section */
		A5A6F04128047E2700271AEB /* Build configuration list for PBXProject "desafio-inevent" */ = {
			isa = XCConfigurationList;
			buildConfigurations = (
				A5A6F05828047E2900271AEB /* Debug */,
				A5A6F05928047E2900271AEB /* Release */,
			);
			defaultConfigurationIsVisible = 0;
			defaultConfigurationName = Release;
		};
		A5A6F05A28047E2900271AEB /* Build configuration list for PBXNativeTarget "desafio-inevent" */ = {
			isa = XCConfigurationList;
			buildConfigurations = (
				A5A6F05B28047E2900271AEB /* Debug */,
				A5A6F05C28047E2900271AEB /* Release */,
			);
			defaultConfigurationIsVisible = 0;
			defaultConfigurationName = Release;
		};
/* End XCConfigurationList section */
	};
	rootObject = A5A6F03E28047E2700271AEB /* Project object */;
}
